
Microsoft Visual Studio Solution File, Format Version 12.00
# Visual Studio Version 16
VisualStudioVersion = 16.0.31605.320
MinimumVisualStudioVersion = 10.0.40219.1
Project("{FAE04EC0-301F-11D3-BF4B-00C04F79EFBC}") = "examroom-back-app", "examroom-back-app.csproj", "{7CD94E2C-C7FA-418D-9A4A-0C26141B394B}"
EndProject
Global
	GlobalSection(SolutionConfigurationPlatforms) = preSolution
		Debug|Any CPU = Debug|Any CPU
		Release|Any CPU = Release|Any CPU
	EndGlobalSection
	GlobalSection(ProjectConfigurationPlatforms) = postSolution
		{7CD94E2C-C7FA-418D-9A4A-0C26141B394B}.Debug|Any CPU.ActiveCfg = Debug|Any CPU
		{7CD94E2C-C7FA-418D-9A4A-0C26141B394B}.Debug|Any CPU.Build.0 = Debug|Any CPU
		{7CD94E2C-C7FA-418D-9A4A-0C26141B394B}.Release|Any CPU.ActiveCfg = Release|Any CPU
		{7CD94E2C-C7FA-418D-9A4A-0C26141B394B}.Release|Any CPU.Build.0 = Release|Any CPU
	EndGlobalSection
	GlobalSection(SolutionProperties) = preSolution
		HideSolutionNode = FALSE
	EndGlobalSection
	GlobalSection(ExtensibilityGlobals) = postSolution
		SolutionGuid = {A73E688D-89DF-4C9A-A696-59C43602700B}
	EndGlobalSection
EndGlobal
